
Microsoft Visual Studio Solution File, Format Version 12.00
# Visual Studio Version 16
VisualStudioVersion = 16.0.29728.190
MinimumVisualStudioVersion = 10.0.40219.1
Project("{FAE04EC0-301F-11D3-BF4B-00C04F79EFBC}") = "World Public Records Database", "World Public Records Database\World Public Records Database.csproj", "{B996C114-4BA7-438F-8E55-DF01F1A32380}"
EndProject
Global
	GlobalSection(SolutionConfigurationPlatforms) = preSolution
		Debug|Any CPU = Debug|Any CPU
		Release|Any CPU = Release|Any CPU
	EndGlobalSection
	GlobalSection(ProjectConfigurationPlatforms) = postSolution
		{B996C114-4BA7-438F-8E55-DF01F1A32380}.Debug|Any CPU.ActiveCfg = Debug|Any CPU
		{B996C114-4BA7-438F-8E55-DF01F1A32380}.Debug|Any CPU.Build.0 = Debug|Any CPU
		{B996C114-4BA7-438F-8E55-DF01F1A32380}.Release|Any CPU.ActiveCfg = Release|Any CPU
		{B996C114-4BA7-438F-8E55-DF01F1A32380}.Release|Any CPU.Build.0 = Release|Any CPU
	EndGlobalSection
	GlobalSection(SolutionProperties) = preSolution
		HideSolutionNode = FALSE
	EndGlobalSection
	GlobalSection(ExtensibilityGlobals) = postSolution
		SolutionGuid = {56957D01-269C-4104-B4CC-56C8CCAB2366}
	EndGlobalSection
EndGlobal
